{
	"name": "assist",
	"version": "1.0.0",
	"lockfileVersion": 3,
	"requires": true,
	"packages": {
		"": {
			"name": "assist",
			"version": "1.0.0",
			"license": "ISC",
			"dependencies": {
				"commander": "^14.0.2"
			},
			"bin": {
				"assist": "dist/index.js"
			},
			"devDependencies": {
				"@biomejs/biome": "^2.3.8",
				"@types/node": "^24.10.1",
				"knip": "^5.71.0",
				"typescript": "^5.9.3"
			}
		},
		"node_modules/@biomejs/biome": {
			"version": "2.3.8",
			"resolved": "https://registry.npmjs.org/@biomejs/biome/-/biome-2.3.8.tgz",
			"integrity": "sha512-Qjsgoe6FEBxWAUzwFGFrB+1+M8y/y5kwmg5CHac+GSVOdmOIqsAiXM5QMVGZJ1eCUCLlPZtq4aFAQ0eawEUuUA==",
			"dev": true,
			"license": "MIT OR Apache-2.0",
			"bin": {
				"biome": "bin/biome"
			},
			"engines": {
				"node": ">=14.21.3"
			},
			"funding": {
				"type": "opencollective",
				"url": "https://opencollective.com/biome"
			},
			"optionalDependencies": {
				"@biomejs/cli-darwin-arm64": "2.3.8",
				"@biomejs/cli-darwin-x64": "2.3.8",
				"@biomejs/cli-linux-arm64": "2.3.8",
				"@biomejs/cli-linux-arm64-musl": "2.3.8",
				"@biomejs/cli-linux-x64": "2.3.8",
				"@biomejs/cli-linux-x64-musl": "2.3.8",
				"@biomejs/cli-win32-arm64": "2.3.8",
				"@biomejs/cli-win32-x64": "2.3.8"
			}
		},
		"node_modules/@biomejs/cli-darwin-arm64": {
			"version": "2.3.8",
			"resolved": "https://registry.npmjs.org/@biomejs/cli-darwin-arm64/-/cli-darwin-arm64-2.3.8.tgz",
			"integrity": "sha512-HM4Zg9CGQ3txTPflxD19n8MFPrmUAjaC7PQdLkugeeC0cQ+PiVrd7i09gaBS/11QKsTDBJhVg85CEIK9f50Qww==",
			"cpu": [
				"arm64"
			],
			"dev": true,
			"license": "MIT OR Apache-2.0",
			"optional": true,
			"os": [
				"darwin"
			],
			"engines": {
				"node": ">=14.21.3"
			}
		},
		"node_modules/@biomejs/cli-darwin-x64": {
			"version": "2.3.8",
			"resolved": "https://registry.npmjs.org/@biomejs/cli-darwin-x64/-/cli-darwin-x64-2.3.8.tgz",
			"integrity": "sha512-lUDQ03D7y/qEao7RgdjWVGCu+BLYadhKTm40HkpJIi6kn8LSv5PAwRlew/DmwP4YZ9ke9XXoTIQDO1vAnbRZlA==",
			"cpu": [
				"x64"
			],
			"dev": true,
			"license": "MIT OR Apache-2.0",
			"optional": true,
			"os": [
				"darwin"
			],
			"engines": {
				"node": ">=14.21.3"
			}
		},
		"node_modules/@biomejs/cli-linux-arm64": {
			"version": "2.3.8",
			"resolved": "https://registry.npmjs.org/@biomejs/cli-linux-arm64/-/cli-linux-arm64-2.3.8.tgz",
			"integrity": "sha512-Uo1OJnIkJgSgF+USx970fsM/drtPcQ39I+JO+Fjsaa9ZdCN1oysQmy6oAGbyESlouz+rzEckLTF6DS7cWse95g==",
			"cpu": [
				"arm64"
			],
			"dev": true,
			"license": "MIT OR Apache-2.0",
			"optional": true,
			"os": [
				"linux"
			],
			"engines": {
				"node": ">=14.21.3"
			}
		},
		"node_modules/@biomejs/cli-linux-arm64-musl": {
			"version": "2.3.8",
			"resolved": "https://registry.npmjs.org/@biomejs/cli-linux-arm64-musl/-/cli-linux-arm64-musl-2.3.8.tgz",
			"integrity": "sha512-PShR4mM0sjksUMyxbyPNMxoKFPVF48fU8Qe8Sfx6w6F42verbwRLbz+QiKNiDPRJwUoMG1nPM50OBL3aOnTevA==",
			"cpu": [
				"arm64"
			],
			"dev": true,
			"license": "MIT OR Apache-2.0",
			"optional": true,
			"os": [
				"linux"
			],
			"engines": {
				"node": ">=14.21.3"
			}
		},
		"node_modules/@biomejs/cli-linux-x64": {
			"version": "2.3.8",
			"resolved": "https://registry.npmjs.org/@biomejs/cli-linux-x64/-/cli-linux-x64-2.3.8.tgz",
			"integrity": "sha512-QDPMD5bQz6qOVb3kiBui0zKZXASLo0NIQ9JVJio5RveBEFgDgsvJFUvZIbMbUZT3T00M/1wdzwWXk4GIh0KaAw==",
			"cpu": [
				"x64"
			],
			"dev": true,
			"license": "MIT OR Apache-2.0",
			"optional": true,
			"os": [
				"linux"
			],
			"engines": {
				"node": ">=14.21.3"
			}
		},
		"node_modules/@biomejs/cli-linux-x64-musl": {
			"version": "2.3.8",
			"resolved": "https://registry.npmjs.org/@biomejs/cli-linux-x64-musl/-/cli-linux-x64-musl-2.3.8.tgz",
			"integrity": "sha512-YGLkqU91r1276uwSjiUD/xaVikdxgV1QpsicT0bIA1TaieM6E5ibMZeSyjQ/izBn4tKQthUSsVZacmoJfa3pDA==",
			"cpu": [
				"x64"
			],
			"dev": true,
			"license": "MIT OR Apache-2.0",
			"optional": true,
			"os": [
				"linux"
			],
			"engines": {
				"node": ">=14.21.3"
			}
		},
		"node_modules/@biomejs/cli-win32-arm64": {
			"version": "2.3.8",
			"resolved": "https://registry.npmjs.org/@biomejs/cli-win32-arm64/-/cli-win32-arm64-2.3.8.tgz",
			"integrity": "sha512-H4IoCHvL1fXKDrTALeTKMiE7GGWFAraDwBYFquE/L/5r1927Te0mYIGseXi4F+lrrwhSWbSGt5qPFswNoBaCxg==",
			"cpu": [
				"arm64"
			],
			"dev": true,
			"license": "MIT OR Apache-2.0",
			"optional": true,
			"os": [
				"win32"
			],
			"engines": {
				"node": ">=14.21.3"
			}
		},
		"node_modules/@biomejs/cli-win32-x64": {
			"version": "2.3.8",
			"resolved": "https://registry.npmjs.org/@biomejs/cli-win32-x64/-/cli-win32-x64-2.3.8.tgz",
			"integrity": "sha512-RguzimPoZWtBapfKhKjcWXBVI91tiSprqdBYu7tWhgN8pKRZhw24rFeNZTNf6UiBfjCYCi9eFQs/JzJZIhuK4w==",
			"cpu": [
				"x64"
			],
			"dev": true,
			"license": "MIT OR Apache-2.0",
			"optional": true,
			"os": [
				"win32"
			],
			"engines": {
				"node": ">=14.21.3"
			}
		},
		"node_modules/@emnapi/core": {
			"version": "1.7.1",
			"resolved": "https://registry.npmjs.org/@emnapi/core/-/core-1.7.1.tgz",
			"integrity": "sha512-o1uhUASyo921r2XtHYOHy7gdkGLge8ghBEQHMWmyJFoXlpU58kIrhhN3w26lpQb6dspetweapMn2CSNwQ8I4wg==",
			"dev": true,
			"license": "MIT",
			"optional": true,
			"dependencies": {
				"@emnapi/wasi-threads": "1.1.0",
				"tslib": "^2.4.0"
			}
		},
		"node_modules/@emnapi/runtime": {
			"version": "1.7.1",
			"resolved": "https://registry.npmjs.org/@emnapi/runtime/-/runtime-1.7.1.tgz",
			"integrity": "sha512-PVtJr5CmLwYAU9PZDMITZoR5iAOShYREoR45EyyLrbntV50mdePTgUn4AmOw90Ifcj+x2kRjdzr1HP3RrNiHGA==",
			"dev": true,
			"license": "MIT",
			"optional": true,
			"dependencies": {
				"tslib": "^2.4.0"
			}
		},
		"node_modules/@emnapi/wasi-threads": {
			"version": "1.1.0",
			"resolved": "https://registry.npmjs.org/@emnapi/wasi-threads/-/wasi-threads-1.1.0.tgz",
			"integrity": "sha512-WI0DdZ8xFSbgMjR1sFsKABJ/C5OnRrjT06JXbZKexJGrDuPTzZdDYfFlsgcCXCyf+suG5QU2e/y1Wo2V/OapLQ==",
			"dev": true,
			"license": "MIT",
			"optional": true,
			"dependencies": {
				"tslib": "^2.4.0"
			}
		},
		"node_modules/@napi-rs/wasm-runtime": {
			"version": "1.0.7",
			"resolved": "https://registry.npmjs.org/@napi-rs/wasm-runtime/-/wasm-runtime-1.0.7.tgz",
			"integrity": "sha512-SeDnOO0Tk7Okiq6DbXmmBODgOAb9dp9gjlphokTUxmt8U3liIP1ZsozBahH69j/RJv+Rfs6IwUKHTgQYJ/HBAw==",
			"dev": true,
			"license": "MIT",
			"optional": true,
			"dependencies": {
				"@emnapi/core": "^1.5.0",
				"@emnapi/runtime": "^1.5.0",
				"@tybys/wasm-util": "^0.10.1"
			}
		},
		"node_modules/@nodelib/fs.scandir": {
			"version": "2.1.5",
			"resolved": "https://registry.npmjs.org/@nodelib/fs.scandir/-/fs.scandir-2.1.5.tgz",
			"integrity": "sha512-vq24Bq3ym5HEQm2NKCr3yXDwjc7vTsEThRDnkp2DK9p1uqLR+DHurm/NOTo0KG7HYHU7eppKZj3MyqYuMBf62g==",
			"dev": true,
			"license": "MIT",
			"dependencies": {
				"@nodelib/fs.stat": "2.0.5",
				"run-parallel": "^1.1.9"
			},
			"engines": {
				"node": ">= 8"
			}
		},
		"node_modules/@nodelib/fs.stat": {
			"version": "2.0.5",
			"resolved": "https://registry.npmjs.org/@nodelib/fs.stat/-/fs.stat-2.0.5.tgz",
			"integrity": "sha512-RkhPPp2zrqDAQA/2jNhnztcPAlv64XdhIp7a7454A5ovI7Bukxgt7MX7udwAu3zg1DcpPU0rz3VV1SeaqvY4+A==",
			"dev": true,
			"license": "MIT",
			"engines": {
				"node": ">= 8"
			}
		},
		"node_modules/@nodelib/fs.walk": {
			"version": "1.2.8",
			"resolved": "https://registry.npmjs.org/@nodelib/fs.walk/-/fs.walk-1.2.8.tgz",
			"integrity": "sha512-oGB+UxlgWcgQkgwo8GcEGwemoTFt3FIO9ababBmaGwXIoBKZ+GTy0pP185beGg7Llih/NSHSV2XAs1lnznocSg==",
			"dev": true,
			"license": "MIT",
			"dependencies": {
				"@nodelib/fs.scandir": "2.1.5",
				"fastq": "^1.6.0"
			},
			"engines": {
				"node": ">= 8"
			}
		},
		"node_modules/@oxc-resolver/binding-android-arm-eabi": {
			"version": "11.14.0",
			"resolved": "https://registry.npmjs.org/@oxc-resolver/binding-android-arm-eabi/-/binding-android-arm-eabi-11.14.0.tgz",
			"integrity": "sha512-jB47iZ/thvhE+USCLv+XY3IknBbkKr/p7OBsQDTHode/GPw+OHRlit3NQ1bjt1Mj8V2CS7iHdSDYobZ1/0gagQ==",
			"cpu": [
				"arm"
			],
			"dev": true,
			"license": "MIT",
			"optional": true,
			"os": [
				"android"
			]
		},
		"node_modules/@oxc-resolver/binding-android-arm64": {
			"version": "11.14.0",
			"resolved": "https://registry.npmjs.org/@oxc-resolver/binding-android-arm64/-/binding-android-arm64-11.14.0.tgz",
			"integrity": "sha512-XFJ9t7d/Cz+dWLyqtTy3Xrekz+qqN4hmOU2iOUgr7u71OQsPUHIIeS9/wKanEK0l413gPwapIkyc5x9ltlOtyw==",
			"cpu": [
				"arm64"
			],
			"dev": true,
			"license": "MIT",
			"optional": true,
			"os": [
				"android"
			]
		},
		"node_modules/@oxc-resolver/binding-darwin-arm64": {
			"version": "11.14.0",
			"resolved": "https://registry.npmjs.org/@oxc-resolver/binding-darwin-arm64/-/binding-darwin-arm64-11.14.0.tgz",
			"integrity": "sha512-gwehBS9smA1mzK8frDsmUCHz+6baJVwkKF6qViHhoqA3kRKvIZ3k6WNP4JmF19JhOiGxRcoPa8gZRfzNgXwP2A==",
			"cpu": [
				"arm64"
			],
			"dev": true,
			"license": "MIT",
			"optional": true,
			"os": [
				"darwin"
			]
		},
		"node_modules/@oxc-resolver/binding-darwin-x64": {
			"version": "11.14.0",
			"resolved": "https://registry.npmjs.org/@oxc-resolver/binding-darwin-x64/-/binding-darwin-x64-11.14.0.tgz",
			"integrity": "sha512-5wwJvfuoahKiAqqAsMLOI28rqdh3P2K7HkjIWUXNMWAZq6ErX0L5rwJzu6T32+Zxw3k18C7R9IS4wDq/3Ar+6w==",
			"cpu": [
				"x64"
			],
			"dev": true,
			"license": "MIT",
			"optional": true,
			"os": [
				"darwin"
			]
		},
		"node_modules/@oxc-resolver/binding-freebsd-x64": {
			"version": "11.14.0",
			"resolved": "https://registry.npmjs.org/@oxc-resolver/binding-freebsd-x64/-/binding-freebsd-x64-11.14.0.tgz",
			"integrity": "sha512-MWTt+LOQNcQ6fa+Uu5VikkihLi1PSIrQqqp0QD44k2AORasNWl0jRGBTcMSBIgNe82qEQWYvlGzvOEEOBp01Og==",
			"cpu": [
				"x64"
			],
			"dev": true,
			"license": "MIT",
			"optional": true,
			"os": [
				"freebsd"
			]
		},
		"node_modules/@oxc-resolver/binding-linux-arm-gnueabihf": {
			"version": "11.14.0",
			"resolved": "https://registry.npmjs.org/@oxc-resolver/binding-linux-arm-gnueabihf/-/binding-linux-arm-gnueabihf-11.14.0.tgz",
			"integrity": "sha512-b6/IBqYrS3o0XiLVBsnex/wK8pTTK+hbGfAMOHVU6p7DBpwPPLgC/tav4IXoOIUCssTFz7aWh/xtUok0swn8VQ==",
			"cpu": [
				"arm"
			],
			"dev": true,
			"license": "MIT",
			"optional": true,
			"os": [
				"linux"
			]
		},
		"node_modules/@oxc-resolver/binding-linux-arm-musleabihf": {
			"version": "11.14.0",
			"resolved": "https://registry.npmjs.org/@oxc-resolver/binding-linux-arm-musleabihf/-/binding-linux-arm-musleabihf-11.14.0.tgz",
			"integrity": "sha512-o2Qh5+y5YoqVK6YfzkalHdpmQ5bkbGGxuLg1pZLQ1Ift0x+Vix7DaFEpdCl5Z9xvYXogd/TwOlL0TPl4+MTFLA==",
			"cpu": [
				"arm"
			],
			"dev": true,
			"license": "MIT",
			"optional": true,
			"os": [
				"linux"
			]
		},
		"node_modules/@oxc-resolver/binding-linux-arm64-gnu": {
			"version": "11.14.0",
			"resolved": "https://registry.npmjs.org/@oxc-resolver/binding-linux-arm64-gnu/-/binding-linux-arm64-gnu-11.14.0.tgz",
			"integrity": "sha512-lk8mCSg0Tg4sEG73RiPjb7keGcEPwqQnBHX3Z+BR2SWe+qNHpoHcyFMNafzSvEC18vlxC04AUSoa6kJl/C5zig==",
			"cpu": [
				"arm64"
			],
			"dev": true,
			"license": "MIT",
			"optional": true,
			"os": [
				"linux"
			]
		},
		"node_modules/@oxc-resolver/binding-linux-arm64-musl": {
			"version": "11.14.0",
			"resolved": "https://registry.npmjs.org/@oxc-resolver/binding-linux-arm64-musl/-/binding-linux-arm64-musl-11.14.0.tgz",
			"integrity": "sha512-KykeIVhCM7pn93ABa0fNe8vk4XvnbfZMELne2s6P9tdJH9KMBsCFBi7a2BmSdUtTqWCAJokAcm46lpczU52Xaw==",
			"cpu": [
				"arm64"
			],
			"dev": true,
			"license": "MIT",
			"optional": true,
			"os": [
				"linux"
			]
		},
		"node_modules/@oxc-resolver/binding-linux-ppc64-gnu": {
			"version": "11.14.0",
			"resolved": "https://registry.npmjs.org/@oxc-resolver/binding-linux-ppc64-gnu/-/binding-linux-ppc64-gnu-11.14.0.tgz",
			"integrity": "sha512-QqPPWAcZU/jHAuam4f3zV8OdEkYRPD2XR0peVet3hoMMgsihR3Lhe7J/bLclmod297FG0+OgBYQVMh2nTN6oWA==",
			"cpu": [
				"ppc64"
			],
			"dev": true,
			"license": "MIT",
			"optional": true,
			"os": [
				"linux"
			]
		},
		"node_modules/@oxc-resolver/binding-linux-riscv64-gnu": {
			"version": "11.14.0",
			"resolved": "https://registry.npmjs.org/@oxc-resolver/binding-linux-riscv64-gnu/-/binding-linux-riscv64-gnu-11.14.0.tgz",
			"integrity": "sha512-DunWA+wafeG3hj1NADUD3c+DRvmyVNqF5LSHVUWA2bzswqmuEZXl3VYBSzxfD0j+UnRTFYLxf27AMptoMsepYg==",
			"cpu": [
				"riscv64"
			],
			"dev": true,
			"license": "MIT",
			"optional": true,
			"os": [
				"linux"
			]
		},
		"node_modules/@oxc-resolver/binding-linux-riscv64-musl": {
			"version": "11.14.0",
			"resolved": "https://registry.npmjs.org/@oxc-resolver/binding-linux-riscv64-musl/-/binding-linux-riscv64-musl-11.14.0.tgz",
			"integrity": "sha512-4SRvwKTTk2k67EQr9Ny4NGf/BhlwggCI1CXwBbA9IV4oP38DH8b+NAPxDY0ySGRsWbPkG92FYOqM4AWzG4GSgA==",
			"cpu": [
				"riscv64"
			],
			"dev": true,
			"license": "MIT",
			"optional": true,
			"os": [
				"linux"
			]
		},
		"node_modules/@oxc-resolver/binding-linux-s390x-gnu": {
			"version": "11.14.0",
			"resolved": "https://registry.npmjs.org/@oxc-resolver/binding-linux-s390x-gnu/-/binding-linux-s390x-gnu-11.14.0.tgz",
			"integrity": "sha512-hZKvkbsurj4JOom//R1Ab2MlC4cGeVm5zzMt4IsS3XySQeYjyMJ5TDZ3J5rQ8bVj3xi4FpJU2yFZ72GApsHQ6A==",
			"cpu": [
				"s390x"
			],
			"dev": true,
			"license": "MIT",
			"optional": true,
			"os": [
				"linux"
			]
		},
		"node_modules/@oxc-resolver/binding-linux-x64-gnu": {
			"version": "11.14.0",
			"resolved": "https://registry.npmjs.org/@oxc-resolver/binding-linux-x64-gnu/-/binding-linux-x64-gnu-11.14.0.tgz",
			"integrity": "sha512-hABxQXFXJurivw+0amFdeEcK67cF1BGBIN1+sSHzq3TRv4RoG8n5q2JE04Le2n2Kpt6xg4Y5+lcv+rb2mCJLgQ==",
			"cpu": [
				"x64"
			],
			"dev": true,
			"license": "MIT",
			"optional": true,
			"os": [
				"linux"
			]
		},
		"node_modules/@oxc-resolver/binding-linux-x64-musl": {
			"version": "11.14.0",
			"resolved": "https://registry.npmjs.org/@oxc-resolver/binding-linux-x64-musl/-/binding-linux-x64-musl-11.14.0.tgz",
			"integrity": "sha512-Ln73wUB5migZRvC7obAAdqVwvFvk7AUs2JLt4g9QHr8FnqivlsjpUC9Nf2ssrybdjyQzEMjttUxPZz6aKPSAHw==",
			"cpu": [
				"x64"
			],
			"dev": true,
			"license": "MIT",
			"optional": true,
			"os": [
				"linux"
			]
		},
		"node_modules/@oxc-resolver/binding-wasm32-wasi": {
			"version": "11.14.0",
			"resolved": "https://registry.npmjs.org/@oxc-resolver/binding-wasm32-wasi/-/binding-wasm32-wasi-11.14.0.tgz",
			"integrity": "sha512-z+NbELmCOKNtWOqEB5qDfHXOSWB3kGQIIehq6nHtZwHLzdVO2oBq6De/ayhY3ygriC1XhgaIzzniY7jgrNl4Kw==",
			"cpu": [
				"wasm32"
			],
			"dev": true,
			"license": "MIT",
			"optional": true,
			"dependencies": {
				"@napi-rs/wasm-runtime": "^1.0.7"
			},
			"engines": {
				"node": ">=14.0.0"
			}
		},
		"node_modules/@oxc-resolver/binding-win32-arm64-msvc": {
			"version": "11.14.0",
			"resolved": "https://registry.npmjs.org/@oxc-resolver/binding-win32-arm64-msvc/-/binding-win32-arm64-msvc-11.14.0.tgz",
			"integrity": "sha512-Ft0+qd7HSO61qCTLJ4LCdBGZkpKyDj1rG0OVSZL1DxWQoh97m7vEHd7zAvUtw8EcWjOMBQuX4mfRap/x2MOCpQ==",
			"cpu": [
				"arm64"
			],
			"dev": true,
			"license": "MIT",
			"optional": true,
			"os": [
				"win32"
			]
		},
		"node_modules/@oxc-resolver/binding-win32-ia32-msvc": {
			"version": "11.14.0",
			"resolved": "https://registry.npmjs.org/@oxc-resolver/binding-win32-ia32-msvc/-/binding-win32-ia32-msvc-11.14.0.tgz",
			"integrity": "sha512-o54jYNSfGdPxHSvXEhZg8FOV3K99mJ1f7hb1alRFb+Yec1GQXNrJXxZPIxNMYeFT13kwAWB7zuQ0HZLnDHFxfw==",
			"cpu": [
				"ia32"
			],
			"dev": true,
			"license": "MIT",
			"optional": true,
			"os": [
				"win32"
			]
		},
		"node_modules/@oxc-resolver/binding-win32-x64-msvc": {
			"version": "11.14.0",
			"resolved": "https://registry.npmjs.org/@oxc-resolver/binding-win32-x64-msvc/-/binding-win32-x64-msvc-11.14.0.tgz",
			"integrity": "sha512-j97icaORyM6A7GjgmUzfn7V+KGzVvctRA+eAlJb0c2OQNaETFxl6BXZdnGBDb+6oA0Y4Sr/wnekd1kQ0aVyKGg==",
			"cpu": [
				"x64"
			],
			"dev": true,
			"license": "MIT",
			"optional": true,
			"os": [
				"win32"
			]
		},
		"node_modules/@tybys/wasm-util": {
			"version": "0.10.1",
			"resolved": "https://registry.npmjs.org/@tybys/wasm-util/-/wasm-util-0.10.1.tgz",
			"integrity": "sha512-9tTaPJLSiejZKx+Bmog4uSubteqTvFrVrURwkmHixBo0G4seD0zUxp98E1DzUBJxLQ3NPwXrGKDiVjwx/DpPsg==",
			"dev": true,
			"license": "MIT",
			"optional": true,
			"dependencies": {
				"tslib": "^2.4.0"
			}
		},
		"node_modules/@types/node": {
			"version": "24.10.1",
			"resolved": "https://registry.npmjs.org/@types/node/-/node-24.10.1.tgz",
			"integrity": "sha512-GNWcUTRBgIRJD5zj+Tq0fKOJ5XZajIiBroOF0yvj2bSU1WvNdYS/dn9UxwsujGW4JX06dnHyjV2y9rRaybH0iQ==",
			"dev": true,
			"license": "MIT",
			"dependencies": {
				"undici-types": "~7.16.0"
			}
		},
		"node_modules/argparse": {
			"version": "2.0.1",
			"resolved": "https://registry.npmjs.org/argparse/-/argparse-2.0.1.tgz",
			"integrity": "sha512-8+9WqebbFzpX9OR+Wa6O29asIogeRMzcGtAINdpMHHyAg10f05aSFVBbcEqGf/PXw1EjAZ+q2/bEBg3DvurK3Q==",
			"dev": true,
			"license": "Python-2.0"
		},
		"node_modules/braces": {
			"version": "3.0.3",
			"resolved": "https://registry.npmjs.org/braces/-/braces-3.0.3.tgz",
			"integrity": "sha512-yQbXgO/OSZVD2IsiLlro+7Hf6Q18EJrKSEsdoMzKePKXct3gvD8oLcOQdIzGupr5Fj+EDe8gO/lxc1BzfMpxvA==",
			"dev": true,
			"license": "MIT",
			"dependencies": {
				"fill-range": "^7.1.1"
			},
			"engines": {
				"node": ">=8"
			}
		},
		"node_modules/commander": {
			"version": "14.0.2",
			"resolved": "https://registry.npmjs.org/commander/-/commander-14.0.2.tgz",
			"integrity": "sha512-TywoWNNRbhoD0BXs1P3ZEScW8W5iKrnbithIl0YH+uCmBd0QpPOA8yc82DS3BIE5Ma6FnBVUsJ7wVUDz4dvOWQ==",
			"license": "MIT",
			"engines": {
				"node": ">=20"
			}
		},
		"node_modules/fast-glob": {
			"version": "3.3.3",
			"resolved": "https://registry.npmjs.org/fast-glob/-/fast-glob-3.3.3.tgz",
			"integrity": "sha512-7MptL8U0cqcFdzIzwOTHoilX9x5BrNqye7Z/LuC7kCMRio1EMSyqRK3BEAUD7sXRq4iT4AzTVuZdhgQ2TCvYLg==",
			"dev": true,
			"license": "MIT",
			"dependencies": {
				"@nodelib/fs.stat": "^2.0.2",
				"@nodelib/fs.walk": "^1.2.3",
				"glob-parent": "^5.1.2",
				"merge2": "^1.3.0",
				"micromatch": "^4.0.8"
			},
			"engines": {
				"node": ">=8.6.0"
			}
		},
		"node_modules/fastq": {
			"version": "1.19.1",
			"resolved": "https://registry.npmjs.org/fastq/-/fastq-1.19.1.tgz",
			"integrity": "sha512-GwLTyxkCXjXbxqIhTsMI2Nui8huMPtnxg7krajPJAjnEG/iiOS7i+zCtWGZR9G0NBKbXKh6X9m9UIsYX/N6vvQ==",
			"dev": true,
			"license": "ISC",
			"dependencies": {
				"reusify": "^1.0.4"
			}
		},
		"node_modules/fd-package-json": {
			"version": "2.0.0",
			"resolved": "https://registry.npmjs.org/fd-package-json/-/fd-package-json-2.0.0.tgz",
			"integrity": "sha512-jKmm9YtsNXN789RS/0mSzOC1NUq9mkVd65vbSSVsKdjGvYXBuE4oWe2QOEoFeRmJg+lPuZxpmrfFclNhoRMneQ==",
			"dev": true,
			"license": "MIT",
			"dependencies": {
				"walk-up-path": "^4.0.0"
			}
		},
		"node_modules/fill-range": {
			"version": "7.1.1",
			"resolved": "https://registry.npmjs.org/fill-range/-/fill-range-7.1.1.tgz",
			"integrity": "sha512-YsGpe3WHLK8ZYi4tWDg2Jy3ebRz2rXowDxnld4bkQB00cc/1Zw9AWnC0i9ztDJitivtQvaI9KaLyKrc+hBW0yg==",
			"dev": true,
			"license": "MIT",
			"dependencies": {
				"to-regex-range": "^5.0.1"
			},
			"engines": {
				"node": ">=8"
			}
		},
		"node_modules/formatly": {
			"version": "0.3.0",
			"resolved": "https://registry.npmjs.org/formatly/-/formatly-0.3.0.tgz",
			"integrity": "sha512-9XNj/o4wrRFyhSMJOvsuyMwy8aUfBaZ1VrqHVfohyXf0Sw0e+yfKG+xZaY3arGCOMdwFsqObtzVOc1gU9KiT9w==",
			"dev": true,
			"license": "MIT",
			"dependencies": {
				"fd-package-json": "^2.0.0"
			},
			"bin": {
				"formatly": "bin/index.mjs"
			},
			"engines": {
				"node": ">=18.3.0"
			}
		},
		"node_modules/glob-parent": {
			"version": "5.1.2",
			"resolved": "https://registry.npmjs.org/glob-parent/-/glob-parent-5.1.2.tgz",
			"integrity": "sha512-AOIgSQCepiJYwP3ARnGx+5VnTu2HBYdzbGP45eLw1vr3zB3vZLeyed1sC9hnbcOc9/SrMyM5RPQrkGz4aS9Zow==",
			"dev": true,
			"license": "ISC",
			"dependencies": {
				"is-glob": "^4.0.1"
			},
			"engines": {
				"node": ">= 6"
			}
		},
		"node_modules/is-extglob": {
			"version": "2.1.1",
			"resolved": "https://registry.npmjs.org/is-extglob/-/is-extglob-2.1.1.tgz",
			"integrity": "sha512-SbKbANkN603Vi4jEZv49LeVJMn4yGwsbzZworEoyEiutsN3nJYdbO36zfhGJ6QEDpOZIFkDtnq5JRxmvl3jsoQ==",
			"dev": true,
			"license": "MIT",
			"engines": {
				"node": ">=0.10.0"
			}
		},
		"node_modules/is-glob": {
			"version": "4.0.3",
			"resolved": "https://registry.npmjs.org/is-glob/-/is-glob-4.0.3.tgz",
			"integrity": "sha512-xelSayHH36ZgE7ZWhli7pW34hNbNl8Ojv5KVmkJD4hBdD3th8Tfk9vYasLM+mXWOZhFkgZfxhLSnrwRr4elSSg==",
			"dev": true,
			"license": "MIT",
			"dependencies": {
				"is-extglob": "^2.1.1"
			},
			"engines": {
				"node": ">=0.10.0"
			}
		},
		"node_modules/is-number": {
			"version": "7.0.0",
			"resolved": "https://registry.npmjs.org/is-number/-/is-number-7.0.0.tgz",
			"integrity": "sha512-41Cifkg6e8TylSpdtTpeLVMqvSBEVzTttHvERD741+pnZ8ANv0004MRL43QKPDlK9cGvNp6NZWZUBlbGXYxxng==",
			"dev": true,
			"license": "MIT",
			"engines": {
				"node": ">=0.12.0"
			}
		},
		"node_modules/jiti": {
			"version": "2.6.1",
			"resolved": "https://registry.npmjs.org/jiti/-/jiti-2.6.1.tgz",
			"integrity": "sha512-ekilCSN1jwRvIbgeg/57YFh8qQDNbwDb9xT/qu2DAHbFFZUicIl4ygVaAvzveMhMVr3LnpSKTNnwt8PoOfmKhQ==",
			"dev": true,
			"license": "MIT",
			"bin": {
				"jiti": "lib/jiti-cli.mjs"
			}
		},
		"node_modules/js-yaml": {
			"version": "4.1.1",
			"resolved": "https://registry.npmjs.org/js-yaml/-/js-yaml-4.1.1.tgz",
			"integrity": "sha512-qQKT4zQxXl8lLwBtHMWwaTcGfFOZviOJet3Oy/xmGk2gZH677CJM9EvtfdSkgWcATZhj/55JZ0rmy3myCT5lsA==",
			"dev": true,
			"license": "MIT",
			"dependencies": {
				"argparse": "^2.0.1"
			},
			"bin": {
				"js-yaml": "bin/js-yaml.js"
			}
		},
		"node_modules/knip": {
			"version": "5.71.0",
			"resolved": "https://registry.npmjs.org/knip/-/knip-5.71.0.tgz",
			"integrity": "sha512-hwgdqEJ+7DNJ5jE8BCPu7b57TY7vUwP6MzWYgCgPpg6iPCee/jKPShDNIlFER2koti4oz5xF88VJbKCb4Wl71g==",
			"dev": true,
			"funding": [
				{
					"type": "github",
					"url": "https://github.com/sponsors/webpro"
				},
				{
					"type": "opencollective",
					"url": "https://opencollective.com/knip"
				}
			],
			"license": "ISC",
			"dependencies": {
				"@nodelib/fs.walk": "^1.2.3",
				"fast-glob": "^3.3.3",
				"formatly": "^0.3.0",
				"jiti": "^2.6.0",
				"js-yaml": "^4.1.1",
				"minimist": "^1.2.8",
				"oxc-resolver": "^11.13.2",
				"picocolors": "^1.1.1",
				"picomatch": "^4.0.1",
				"smol-toml": "^1.5.2",
				"strip-json-comments": "5.0.3",
				"zod": "^4.1.11"
			},
			"bin": {
				"knip": "bin/knip.js",
				"knip-bun": "bin/knip-bun.js"
			},
			"engines": {
				"node": ">=18.18.0"
			},
			"peerDependencies": {
				"@types/node": ">=18",
				"typescript": ">=5.0.4 <7"
			}
		},
		"node_modules/merge2": {
			"version": "1.4.1",
			"resolved": "https://registry.npmjs.org/merge2/-/merge2-1.4.1.tgz",
			"integrity": "sha512-8q7VEgMJW4J8tcfVPy8g09NcQwZdbwFEqhe/WZkoIzjn/3TGDwtOCYtXGxA3O8tPzpczCCDgv+P2P5y00ZJOOg==",
			"dev": true,
			"license": "MIT",
			"engines": {
				"node": ">= 8"
			}
		},
		"node_modules/micromatch": {
			"version": "4.0.8",
			"resolved": "https://registry.npmjs.org/micromatch/-/micromatch-4.0.8.tgz",
			"integrity": "sha512-PXwfBhYu0hBCPw8Dn0E+WDYb7af3dSLVWKi3HGv84IdF4TyFoC0ysxFd0Goxw7nSv4T/PzEJQxsYsEiFCKo2BA==",
			"dev": true,
			"license": "MIT",
			"dependencies": {
				"braces": "^3.0.3",
				"picomatch": "^2.3.1"
			},
			"engines": {
				"node": ">=8.6"
			}
		},
		"node_modules/micromatch/node_modules/picomatch": {
			"version": "2.3.1",
			"resolved": "https://registry.npmjs.org/picomatch/-/picomatch-2.3.1.tgz",
			"integrity": "sha512-JU3teHTNjmE2VCGFzuY8EXzCDVwEqB2a8fsIvwaStHhAWJEeVd1o1QD80CU6+ZdEXXSLbSsuLwJjkCBWqRQUVA==",
			"dev": true,
			"license": "MIT",
			"engines": {
				"node": ">=8.6"
			},
			"funding": {
				"url": "https://github.com/sponsors/jonschlinkert"
			}
		},
		"node_modules/minimist": {
			"version": "1.2.8",
			"resolved": "https://registry.npmjs.org/minimist/-/minimist-1.2.8.tgz",
			"integrity": "sha512-2yyAR8qBkN3YuheJanUpWC5U3bb5osDywNB8RzDVlDwDHbocAJveqqj1u8+SVD7jkWT4yvsHCpWqqWqAxb0zCA==",
			"dev": true,
			"license": "MIT",
			"funding": {
				"url": "https://github.com/sponsors/ljharb"
			}
		},
		"node_modules/oxc-resolver": {
			"version": "11.14.0",
			"resolved": "https://registry.npmjs.org/oxc-resolver/-/oxc-resolver-11.14.0.tgz",
			"integrity": "sha512-i4wNrqhOd+4YdHJfHglHtFiqqSxXuzFA+RUqmmWN1aMD3r1HqUSrIhw17tSO4jwKfhLs9uw1wzFPmvMsWacStg==",
			"dev": true,
			"license": "MIT",
			"funding": {
				"url": "https://github.com/sponsors/Boshen"
			},
			"optionalDependencies": {
				"@oxc-resolver/binding-android-arm-eabi": "11.14.0",
				"@oxc-resolver/binding-android-arm64": "11.14.0",
				"@oxc-resolver/binding-darwin-arm64": "11.14.0",
				"@oxc-resolver/binding-darwin-x64": "11.14.0",
				"@oxc-resolver/binding-freebsd-x64": "11.14.0",
				"@oxc-resolver/binding-linux-arm-gnueabihf": "11.14.0",
				"@oxc-resolver/binding-linux-arm-musleabihf": "11.14.0",
				"@oxc-resolver/binding-linux-arm64-gnu": "11.14.0",
				"@oxc-resolver/binding-linux-arm64-musl": "11.14.0",
				"@oxc-resolver/binding-linux-ppc64-gnu": "11.14.0",
				"@oxc-resolver/binding-linux-riscv64-gnu": "11.14.0",
				"@oxc-resolver/binding-linux-riscv64-musl": "11.14.0",
				"@oxc-resolver/binding-linux-s390x-gnu": "11.14.0",
				"@oxc-resolver/binding-linux-x64-gnu": "11.14.0",
				"@oxc-resolver/binding-linux-x64-musl": "11.14.0",
				"@oxc-resolver/binding-wasm32-wasi": "11.14.0",
				"@oxc-resolver/binding-win32-arm64-msvc": "11.14.0",
				"@oxc-resolver/binding-win32-ia32-msvc": "11.14.0",
				"@oxc-resolver/binding-win32-x64-msvc": "11.14.0"
			}
		},
		"node_modules/picocolors": {
			"version": "1.1.1",
			"resolved": "https://registry.npmjs.org/picocolors/-/picocolors-1.1.1.tgz",
			"integrity": "sha512-xceH2snhtb5M9liqDsmEw56le376mTZkEX/jEb/RxNFyegNul7eNslCXP9FDj/Lcu0X8KEyMceP2ntpaHrDEVA==",
			"dev": true,
			"license": "ISC"
		},
		"node_modules/picomatch": {
			"version": "4.0.3",
			"resolved": "https://registry.npmjs.org/picomatch/-/picomatch-4.0.3.tgz",
			"integrity": "sha512-5gTmgEY/sqK6gFXLIsQNH19lWb4ebPDLA4SdLP7dsWkIXHWlG66oPuVvXSGFPppYZz8ZDZq0dYYrbHfBCVUb1Q==",
			"dev": true,
			"license": "MIT",
			"engines": {
				"node": ">=12"
			},
			"funding": {
				"url": "https://github.com/sponsors/jonschlinkert"
			}
		},
		"node_modules/queue-microtask": {
			"version": "1.2.3",
			"resolved": "https://registry.npmjs.org/queue-microtask/-/queue-microtask-1.2.3.tgz",
			"integrity": "sha512-NuaNSa6flKT5JaSYQzJok04JzTL1CA6aGhv5rfLW3PgqA+M2ChpZQnAC8h8i4ZFkBS8X5RqkDBHA7r4hej3K9A==",
			"dev": true,
			"funding": [
				{
					"type": "github",
					"url": "https://github.com/sponsors/feross"
				},
				{
					"type": "patreon",
					"url": "https://www.patreon.com/feross"
				},
				{
					"type": "consulting",
					"url": "https://feross.org/support"
				}
			],
			"license": "MIT"
		},
		"node_modules/reusify": {
			"version": "1.1.0",
			"resolved": "https://registry.npmjs.org/reusify/-/reusify-1.1.0.tgz",
			"integrity": "sha512-g6QUff04oZpHs0eG5p83rFLhHeV00ug/Yf9nZM6fLeUrPguBTkTQOdpAWWspMh55TZfVQDPaN3NQJfbVRAxdIw==",
			"dev": true,
			"license": "MIT",
			"engines": {
				"iojs": ">=1.0.0",
				"node": ">=0.10.0"
			}
		},
		"node_modules/run-parallel": {
			"version": "1.2.0",
			"resolved": "https://registry.npmjs.org/run-parallel/-/run-parallel-1.2.0.tgz",
			"integrity": "sha512-5l4VyZR86LZ/lDxZTR6jqL8AFE2S0IFLMP26AbjsLVADxHdhB/c0GUsH+y39UfCi3dzz8OlQuPmnaJOMoDHQBA==",
			"dev": true,
			"funding": [
				{
					"type": "github",
					"url": "https://github.com/sponsors/feross"
				},
				{
					"type": "patreon",
					"url": "https://www.patreon.com/feross"
				},
				{
					"type": "consulting",
					"url": "https://feross.org/support"
				}
			],
			"license": "MIT",
			"dependencies": {
				"queue-microtask": "^1.2.2"
			}
		},
		"node_modules/smol-toml": {
			"version": "1.5.2",
			"resolved": "https://registry.npmjs.org/smol-toml/-/smol-toml-1.5.2.tgz",
			"integrity": "sha512-QlaZEqcAH3/RtNyet1IPIYPsEWAaYyXXv1Krsi+1L/QHppjX4Ifm8MQsBISz9vE8cHicIq3clogsheili5vhaQ==",
			"dev": true,
			"license": "BSD-3-Clause",
			"engines": {
				"node": ">= 18"
			},
			"funding": {
				"url": "https://github.com/sponsors/cyyynthia"
			}
		},
		"node_modules/strip-json-comments": {
			"version": "5.0.3",
			"resolved": "https://registry.npmjs.org/strip-json-comments/-/strip-json-comments-5.0.3.tgz",
			"integrity": "sha512-1tB5mhVo7U+ETBKNf92xT4hrQa3pm0MZ0PQvuDnWgAAGHDsfp4lPSpiS6psrSiet87wyGPh9ft6wmhOMQ0hDiw==",
			"dev": true,
			"license": "MIT",
			"engines": {
				"node": ">=14.16"
			},
			"funding": {
				"url": "https://github.com/sponsors/sindresorhus"
			}
		},
		"node_modules/to-regex-range": {
			"version": "5.0.1",
			"resolved": "https://registry.npmjs.org/to-regex-range/-/to-regex-range-5.0.1.tgz",
			"integrity": "sha512-65P7iz6X5yEr1cwcgvQxbbIw7Uk3gOy5dIdtZ4rDveLqhrdJP+Li/Hx6tyK0NEb+2GCyneCMJiGqrADCSNk8sQ==",
			"dev": true,
			"license": "MIT",
			"dependencies": {
				"is-number": "^7.0.0"
			},
			"engines": {
				"node": ">=8.0"
			}
		},
		"node_modules/tslib": {
			"version": "2.8.1",
			"resolved": "https://registry.npmjs.org/tslib/-/tslib-2.8.1.tgz",
			"integrity": "sha512-oJFu94HQb+KVduSUQL7wnpmqnfmLsOA/nAh6b6EH0wCEoK0/mPeXU6c3wKDV83MkOuHPRHtSXKKU99IBazS/2w==",
			"dev": true,
			"license": "0BSD",
			"optional": true
		},
		"node_modules/typescript": {
			"version": "5.9.3",
			"resolved": "https://registry.npmjs.org/typescript/-/typescript-5.9.3.tgz",
			"integrity": "sha512-jl1vZzPDinLr9eUt3J/t7V6FgNEw9QjvBPdysz9KfQDD41fQrC2Y4vKQdiaUpFT4bXlb1RHhLpp8wtm6M5TgSw==",
			"dev": true,
			"license": "Apache-2.0",
			"bin": {
				"tsc": "bin/tsc",
				"tsserver": "bin/tsserver"
			},
			"engines": {
				"node": ">=14.17"
			}
		},
		"node_modules/undici-types": {
			"version": "7.16.0",
			"resolved": "https://registry.npmjs.org/undici-types/-/undici-types-7.16.0.tgz",
			"integrity": "sha512-Zz+aZWSj8LE6zoxD+xrjh4VfkIG8Ya6LvYkZqtUQGJPZjYl53ypCaUwWqo7eI0x66KBGeRo+mlBEkMSeSZ38Nw==",
			"dev": true,
			"license": "MIT"
		},
		"node_modules/walk-up-path": {
			"version": "4.0.0",
			"resolved": "https://registry.npmjs.org/walk-up-path/-/walk-up-path-4.0.0.tgz",
			"integrity": "sha512-3hu+tD8YzSLGuFYtPRb48vdhKMi0KQV5sn+uWr8+7dMEq/2G/dtLrdDinkLjqq5TIbIBjYJ4Ax/n3YiaW7QM8A==",
			"dev": true,
			"license": "ISC",
			"engines": {
				"node": "20 || >=22"
			}
		},
		"node_modules/zod": {
			"version": "4.1.13",
			"resolved": "https://registry.npmjs.org/zod/-/zod-4.1.13.tgz",
			"integrity": "sha512-AvvthqfqrAhNH9dnfmrfKzX5upOdjUVJYFqNSlkmGf64gRaTzlPwz99IHYnVs28qYAybvAlBV+H7pn0saFY4Ig==",
			"dev": true,
			"license": "MIT",
			"funding": {
				"url": "https://github.com/sponsors/colinhacks"
			}
		}
	}
}
